
Microsoft Visual Studio Solution File, Format Version 12.00
# Visual Studio Version 16
VisualStudioVersion = 16.0.30804.86
MinimumVisualStudioVersion = 10.0.40219.1
Project("{FAE04EC0-301F-11D3-BF4B-00C04F79EFBC}") = "CustomCustoms", "CustomCustoms.csproj", "{01A55A09-DD56-46D0-9693-9BB52440DD0D}"
EndProject
Global
	GlobalSection(SolutionConfigurationPlatforms) = preSolution
		Debug|Any CPU = Debug|Any CPU
		Release|Any CPU = Release|Any CPU
	EndGlobalSection
	GlobalSection(ProjectConfigurationPlatforms) = postSolution
		{01A55A09-DD56-46D0-9693-9BB52440DD0D}.Debug|Any CPU.ActiveCfg = Debug|Any CPU
		{01A55A09-DD56-46D0-9693-9BB52440DD0D}.Debug|Any CPU.Build.0 = Debug|Any CPU
		{01A55A09-DD56-46D0-9693-9BB52440DD0D}.Release|Any CPU.ActiveCfg = Release|Any CPU
		{01A55A09-DD56-46D0-9693-9BB52440DD0D}.Release|Any CPU.Build.0 = Release|Any CPU
	EndGlobalSection
	GlobalSection(SolutionProperties) = preSolution
		HideSolutionNode = FALSE
	EndGlobalSection
	GlobalSection(ExtensibilityGlobals) = postSolution
		SolutionGuid = {41EC93BF-3E85-4781-950A-9F2B7C9605D0}
	EndGlobalSection
EndGlobal
