
Microsoft Visual Studio Solution File, Format Version 12.00
# Visual Studio Version 16
VisualStudioVersion = 16.0.30804.86
MinimumVisualStudioVersion = 10.0.40219.1
Project("{FAE04EC0-301F-11D3-BF4B-00C04F79EFBC}") = "BinaryBoarding", "BinaryBoarding.csproj", "{0762793A-AFC5-49D0-916D-8577FD854383}"
EndProject
Global
	GlobalSection(SolutionConfigurationPlatforms) = preSolution
		Debug|Any CPU = Debug|Any CPU
		Release|Any CPU = Release|Any CPU
	EndGlobalSection
	GlobalSection(ProjectConfigurationPlatforms) = postSolution
		{0762793A-AFC5-49D0-916D-8577FD854383}.Debug|Any CPU.ActiveCfg = Debug|Any CPU
		{0762793A-AFC5-49D0-916D-8577FD854383}.Debug|Any CPU.Build.0 = Debug|Any CPU
		{0762793A-AFC5-49D0-916D-8577FD854383}.Release|Any CPU.ActiveCfg = Release|Any CPU
		{0762793A-AFC5-49D0-916D-8577FD854383}.Release|Any CPU.Build.0 = Release|Any CPU
	EndGlobalSection
	GlobalSection(SolutionProperties) = preSolution
		HideSolutionNode = FALSE
	EndGlobalSection
	GlobalSection(ExtensibilityGlobals) = postSolution
		SolutionGuid = {B838E800-4B2D-4E2E-AEE1-300428C6964D}
	EndGlobalSection
EndGlobal
